// !$*UTF8*$!
{
	archiveVersion = 1;
	classes = {
	};
	objectVersion = 46;
	objects = {

/* Begin PBXBuildFile section */
		18184691C843C97E0260F615 /* Pods_DropboxSync_Example.framework in Frameworks */ = {isa = PBXBuildFile; fileRef = 0CD7C78702E15089316AC7D4 /* Pods_DropboxSync_Example.framework */; };
		37E2A59D1D455A63008446AD /* RecordThatNeedsSyncing.swift in Sources */ = {isa = PBXBuildFile; fileRef = 37E2A59C1D455A63008446AD /* RecordThatNeedsSyncing.swift */; };
		607FACD61AFB9204008FA782 /* AppDelegate.swift in Sources */ = {isa = PBXBuildFile; fileRef = 607FACD51AFB9204008FA782 /* AppDelegate.swift */; };
		607FACD81AFB9204008FA782 /* ViewController.swift in Sources */ = {isa = PBXBuildFile; fileRef = 607FACD71AFB9204008FA782 /* ViewController.swift */; };
		607FACDB1AFB9204008FA782 /* Main.storyboard in Resources */ = {isa = PBXBuildFile; fileRef = 607FACD91AFB9204008FA782 /* Main.storyboard */; };
		607FACDD1AFB9204008FA782 /* Images.xcassets in Resources */ = {isa = PBXBuildFile; fileRef = 607FACDC1AFB9204008FA782 /* Images.xcassets */; };
		607FACE01AFB9204008FA782 /* LaunchScreen.xib in Resources */ = {isa = PBXBuildFile; fileRef = 607FACDE1AFB9204008FA782 /* LaunchScreen.xib */; };
		79557F16D5D1A2CAEAAA1C0D /* Pods_DropboxSync_Tests.framework in Frameworks */ = {isa = PBXBuildFile; fileRef = 62DC54C04DF2D4183E88BF94 /* Pods_DropboxSync_Tests.framework */; };
		AB3578451F9E928400D0596C /* MockInternal.swift in Sources */ = {isa = PBXBuildFile; fileRef = AB3578431F9E8D5100D0596C /* MockInternal.swift */; };
		ABBFE4BB1F8D5F1600A5E901 /* SyncTests.swift in Sources */ = {isa = PBXBuildFile; fileRef = ABBFE4B91F8D5EFE00A5E901 /* SyncTests.swift */; };
		ABBFE4BE1F8D644500A5E901 /* SyncProcessTests.swift in Sources */ = {isa = PBXBuildFile; fileRef = ABBFE4BC1F8D643F00A5E901 /* SyncProcessTests.swift */; };
		ABBFE4C21F8D664F00A5E901 /* MockDropbox.swift in Sources */ = {isa = PBXBuildFile; fileRef = ABBFE4C01F8D65EB00A5E901 /* MockDropbox.swift */; };
		ABF7F7101FA354880098A265 /* SyncCollectionTests.swift in Sources */ = {isa = PBXBuildFile; fileRef = ABF7F70E1FA354850098A265 /* SyncCollectionTests.swift */; };
		ABF7F7181FA355B80098A265 /* DownloadFileTests.swift in Sources */ = {isa = PBXBuildFile; fileRef = ABF7F7171FA355B80098A265 /* DownloadFileTests.swift */; };
		ABF7F71A1FA355C30098A265 /* DownloadFilesTests.swift in Sources */ = {isa = PBXBuildFile; fileRef = ABF7F7191FA355C30098A265 /* DownloadFilesTests.swift */; };
		ABF7F71C1FA355CE0098A265 /* ListFilesTests.swift in Sources */ = {isa = PBXBuildFile; fileRef = ABF7F71B1FA355CE0098A265 /* ListFilesTests.swift */; };
		ABF7F71E1FA355E70098A265 /* JSONFileReaderTests.swift in Sources */ = {isa = PBXBuildFile; fileRef = ABF7F71D1FA355E70098A265 /* JSONFileReaderTests.swift */; };
		ABF7F7201FA355FE0098A265 /* LoggingTests.swift in Sources */ = {isa = PBXBuildFile; fileRef = ABF7F71F1FA355FE0098A265 /* LoggingTests.swift */; };
		ABF7F7231FA384DF0098A265 /* StatusPersistenceTests.swift in Sources */ = {isa = PBXBuildFile; fileRef = ABF7F7111FA354C10098A265 /* StatusPersistenceTests.swift */; };
		ABF7F7271FA3D6580098A265 /* RemoteCollectionTests.swift in Sources */ = {isa = PBXBuildFile; fileRef = ABF7F7151FA355A40098A265 /* RemoteCollectionTests.swift */; };
		ABF7F72B1FA3F1580098A265 /* RemotePersistenceTests.swift in Sources */ = {isa = PBXBuildFile; fileRef = ABF7F72A1FA3F1580098A265 /* RemotePersistenceTests.swift */; };
/* End PBXBuildFile section */

/* Begin PBXContainerItemProxy section */
		607FACE61AFB9204008FA782 /* PBXContainerItemProxy */ = {
			isa = PBXContainerItemProxy;
			containerPortal = 607FACC81AFB9204008FA782 /* Project object */;
			proxyType = 1;
			remoteGlobalIDString = 607FACCF1AFB9204008FA782;
			remoteInfo = DropboxSync;
		};
/* End PBXContainerItemProxy section */

/* Begin PBXFileReference section */
		0CD7C78702E15089316AC7D4 /* Pods_DropboxSync_Example.framework */ = {isa = PBXFileReference; explicitFileType = wrapper.framework; includeInIndex = 0; path = Pods_DropboxSync_Example.framework; sourceTree = BUILT_PRODUCTS_DIR; };
		37E2A59C1D455A63008446AD /* RecordThatNeedsSyncing.swift */ = {isa = PBXFileReference; fileEncoding = 4; lastKnownFileType = sourcecode.swift; path = RecordThatNeedsSyncing.swift; sourceTree = "<group>"; };
		498B01FE3239EDC441CE8CF3 /* README.md */ = {isa = PBXFileReference; includeInIndex = 1; lastKnownFileType = net.daringfireball.markdown; name = README.md; path = ../README.md; sourceTree = "<group>"; };
		607FACD01AFB9204008FA782 /* DropboxSync_Example.app */ = {isa = PBXFileReference; explicitFileType = wrapper.application; includeInIndex = 0; path = DropboxSync_Example.app; sourceTree = BUILT_PRODUCTS_DIR; };
		607FACD41AFB9204008FA782 /* Info.plist */ = {isa = PBXFileReference; lastKnownFileType = text.plist.xml; path = Info.plist; sourceTree = "<group>"; };
		607FACD51AFB9204008FA782 /* AppDelegate.swift */ = {isa = PBXFileReference; lastKnownFileType = sourcecode.swift; path = AppDelegate.swift; sourceTree = "<group>"; };
		607FACD71AFB9204008FA782 /* ViewController.swift */ = {isa = PBXFileReference; lastKnownFileType = sourcecode.swift; path = ViewController.swift; sourceTree = "<group>"; };
		607FACDA1AFB9204008FA782 /* Base */ = {isa = PBXFileReference; lastKnownFileType = file.storyboard; name = Base; path = Base.lproj/Main.storyboard; sourceTree = "<group>"; };
		607FACDC1AFB9204008FA782 /* Images.xcassets */ = {isa = PBXFileReference; lastKnownFileType = folder.assetcatalog; path = Images.xcassets; sourceTree = "<group>"; };
		607FACDF1AFB9204008FA782 /* Base */ = {isa = PBXFileReference; lastKnownFileType = file.xib; name = Base; path = Base.lproj/LaunchScreen.xib; sourceTree = "<group>"; };
		607FACE51AFB9204008FA782 /* DropboxSync_Tests.xctest */ = {isa = PBXFileReference; explicitFileType = wrapper.cfbundle; includeInIndex = 0; path = DropboxSync_Tests.xctest; sourceTree = BUILT_PRODUCTS_DIR; };
		607FACEA1AFB9204008FA782 /* Info.plist */ = {isa = PBXFileReference; lastKnownFileType = text.plist.xml; path = Info.plist; sourceTree = "<group>"; };
		62DC54C04DF2D4183E88BF94 /* Pods_DropboxSync_Tests.framework */ = {isa = PBXFileReference; explicitFileType = wrapper.framework; includeInIndex = 0; path = Pods_DropboxSync_Tests.framework; sourceTree = BUILT_PRODUCTS_DIR; };
		6F450545DF310077F685D2A9 /* Pods-DropboxSync_Example.release.xcconfig */ = {isa = PBXFileReference; includeInIndex = 1; lastKnownFileType = text.xcconfig; name = "Pods-DropboxSync_Example.release.xcconfig"; path = "Pods/Target Support Files/Pods-DropboxSync_Example/Pods-DropboxSync_Example.release.xcconfig"; sourceTree = "<group>"; };
		7B354F527E5D5096A231863E /* Pods-DropboxSync_Tests.debug.xcconfig */ = {isa = PBXFileReference; includeInIndex = 1; lastKnownFileType = text.xcconfig; name = "Pods-DropboxSync_Tests.debug.xcconfig"; path = "Pods/Target Support Files/Pods-DropboxSync_Tests/Pods-DropboxSync_Tests.debug.xcconfig"; sourceTree = "<group>"; };
		981845A0451E6737804F125F /* Pods-DropboxSync_Tests.release.xcconfig */ = {isa = PBXFileReference; includeInIndex = 1; lastKnownFileType = text.xcconfig; name = "Pods-DropboxSync_Tests.release.xcconfig"; path = "Pods/Target Support Files/Pods-DropboxSync_Tests/Pods-DropboxSync_Tests.release.xcconfig"; sourceTree = "<group>"; };
		A4A9638954F9DA37C150CEBF /* Pods-DropboxSync_Example.debug.xcconfig */ = {isa = PBXFileReference; includeInIndex = 1; lastKnownFileType = text.xcconfig; name = "Pods-DropboxSync_Example.debug.xcconfig"; path = "Pods/Target Support Files/Pods-DropboxSync_Example/Pods-DropboxSync_Example.debug.xcconfig"; sourceTree = "<group>"; };
		AB3578431F9E8D5100D0596C /* MockInternal.swift */ = {isa = PBXFileReference; lastKnownFileType = sourcecode.swift; path = MockInternal.swift; sourceTree = "<group>"; };
		ABBFE4B91F8D5EFE00A5E901 /* SyncTests.swift */ = {isa = PBXFileReference; lastKnownFileType = sourcecode.swift; path = SyncTests.swift; sourceTree = "<group>"; };
		ABBFE4BC1F8D643F00A5E901 /* SyncProcessTests.swift */ = {isa = PBXFileReference; lastKnownFileType = sourcecode.swift; path = SyncProcessTests.swift; sourceTree = "<group>"; };
		ABBFE4C01F8D65EB00A5E901 /* MockDropbox.swift */ = {isa = PBXFileReference; lastKnownFileType = sourcecode.swift; path = MockDropbox.swift; sourceTree = "<group>"; };
		ABF7F70E1FA354850098A265 /* SyncCollectionTests.swift */ = {isa = PBXFileReference; lastKnownFileType = sourcecode.swift; path = SyncCollectionTests.swift; sourceTree = "<group>"; };
		ABF7F7111FA354C10098A265 /* StatusPersistenceTests.swift */ = {isa = PBXFileReference; lastKnownFileType = sourcecode.swift; path = StatusPersistenceTests.swift; sourceTree = "<group>"; };
		ABF7F7151FA355A40098A265 /* RemoteCollectionTests.swift */ = {isa = PBXFileReference; lastKnownFileType = sourcecode.swift; path = RemoteCollectionTests.swift; sourceTree = "<group>"; };
		ABF7F7171FA355B80098A265 /* DownloadFileTests.swift */ = {isa = PBXFileReference; lastKnownFileType = sourcecode.swift; path = DownloadFileTests.swift; sourceTree = "<group>"; };
		ABF7F7191FA355C30098A265 /* DownloadFilesTests.swift */ = {isa = PBXFileReference; lastKnownFileType = sourcecode.swift; path = DownloadFilesTests.swift; sourceTree = "<group>"; };
		ABF7F71B1FA355CE0098A265 /* ListFilesTests.swift */ = {isa = PBXFileReference; lastKnownFileType = sourcecode.swift; path = ListFilesTests.swift; sourceTree = "<group>"; };
		ABF7F71D1FA355E70098A265 /* JSONFileReaderTests.swift */ = {isa = PBXFileReference; lastKnownFileType = sourcecode.swift; path = JSONFileReaderTests.swift; sourceTree = "<group>"; };
		ABF7F71F1FA355FE0098A265 /* LoggingTests.swift */ = {isa = PBXFileReference; lastKnownFileType = sourcecode.swift; path = LoggingTests.swift; sourceTree = "<group>"; };
		ABF7F72A1FA3F1580098A265 /* RemotePersistenceTests.swift */ = {isa = PBXFileReference; lastKnownFileType = sourcecode.swift; path = RemotePersistenceTests.swift; sourceTree = "<group>"; };
		C2592FD56F36EA8E20F33655 /* LICENSE */ = {isa = PBXFileReference; includeInIndex = 1; lastKnownFileType = text; name = LICENSE; path = ../LICENSE; sourceTree = "<group>"; };
		F1F0B619A1634CBCDC943E7D /* DropboxSync.podspec */ = {isa = PBXFileReference; includeInIndex = 1; lastKnownFileType = text; name = DropboxSync.podspec; path = ../DropboxSync.podspec; sourceTree = "<group>"; };
/* End PBXFileReference section */

/* Begin PBXFrameworksBuildPhase section */
		607FACCD1AFB9204008FA782 /* Frameworks */ = {
			isa = PBXFrameworksBuildPhase;
			buildActionMask = 2147483647;
			files = (
				18184691C843C97E0260F615 /* Pods_DropboxSync_Example.framework in Frameworks */,
			);
			runOnlyForDeploymentPostprocessing = 0;
		};
		607FACE21AFB9204008FA782 /* Frameworks */ = {
			isa = PBXFrameworksBuildPhase;
			buildActionMask = 2147483647;
			files = (
				79557F16D5D1A2CAEAAA1C0D /* Pods_DropboxSync_Tests.framework in Frameworks */,
			);
			runOnlyForDeploymentPostprocessing = 0;
		};
/* End PBXFrameworksBuildPhase section */

/* Begin PBXGroup section */
		607FACC71AFB9204008FA782 = {
			isa = PBXGroup;
			children = (
				607FACF51AFB993E008FA782 /* Podspec Metadata */,
				607FACD21AFB9204008FA782 /* Example for DropboxSync */,
				607FACE81AFB9204008FA782 /* Tests */,
				607FACD11AFB9204008FA782 /* Products */,
				7330CBDEA27ADAD3F7A510E3 /* Pods */,
				B2500F7A87723F6215B1F000 /* Frameworks */,
			);
			sourceTree = "<group>";
		};
		607FACD11AFB9204008FA782 /* Products */ = {
			isa = PBXGroup;
			children = (
				607FACD01AFB9204008FA782 /* DropboxSync_Example.app */,
				607FACE51AFB9204008FA782 /* DropboxSync_Tests.xctest */,
			);
			name = Products;
			sourceTree = "<group>";
		};
		607FACD21AFB9204008FA782 /* Example for DropboxSync */ = {
			isa = PBXGroup;
			children = (
				607FACD51AFB9204008FA782 /* AppDelegate.swift */,
				607FACD71AFB9204008FA782 /* ViewController.swift */,
				37E2A59C1D455A63008446AD /* RecordThatNeedsSyncing.swift */,
				607FACD91AFB9204008FA782 /* Main.storyboard */,
				607FACDC1AFB9204008FA782 /* Images.xcassets */,
				607FACDE1AFB9204008FA782 /* LaunchScreen.xib */,
				607FACD31AFB9204008FA782 /* Supporting Files */,
			);
			name = "Example for DropboxSync";
			path = DropboxSync;
			sourceTree = "<group>";
		};
		607FACD31AFB9204008FA782 /* Supporting Files */ = {
			isa = PBXGroup;
			children = (
				607FACD41AFB9204008FA782 /* Info.plist */,
			);
			name = "Supporting Files";
			sourceTree = "<group>";
		};
		607FACE81AFB9204008FA782 /* Tests */ = {
			isa = PBXGroup;
			children = (
				ABBFE4B51F8D5EFE00A5E901 /* Dropbox Operations */,
				ABBFE4B71F8D5EFE00A5E901 /* Remote */,
				ABBFE4B61F8D5EFE00A5E901 /* Status */,
				ABBFE4B81F8D5EFE00A5E901 /* Sync */,
				ABBFE4BA1F8D5EFE00A5E901 /* Utility */,
				ABBFE4BF1F8D65D600A5E901 /* Support */,
				607FACE91AFB9204008FA782 /* Supporting Files */,
			);
			path = Tests;
			sourceTree = "<group>";
		};
		607FACE91AFB9204008FA782 /* Supporting Files */ = {
			isa = PBXGroup;
			children = (
				607FACEA1AFB9204008FA782 /* Info.plist */,
			);
			name = "Supporting Files";
			sourceTree = "<group>";
		};
		607FACF51AFB993E008FA782 /* Podspec Metadata */ = {
			isa = PBXGroup;
			children = (
				F1F0B619A1634CBCDC943E7D /* DropboxSync.podspec */,
				498B01FE3239EDC441CE8CF3 /* README.md */,
				C2592FD56F36EA8E20F33655 /* LICENSE */,
			);
			name = "Podspec Metadata";
			sourceTree = "<group>";
		};
		7330CBDEA27ADAD3F7A510E3 /* Pods */ = {
			isa = PBXGroup;
			children = (
				A4A9638954F9DA37C150CEBF /* Pods-DropboxSync_Example.debug.xcconfig */,
				6F450545DF310077F685D2A9 /* Pods-DropboxSync_Example.release.xcconfig */,
				7B354F527E5D5096A231863E /* Pods-DropboxSync_Tests.debug.xcconfig */,
				981845A0451E6737804F125F /* Pods-DropboxSync_Tests.release.xcconfig */,
			);
			name = Pods;
			sourceTree = "<group>";
		};
		ABBFE4B51F8D5EFE00A5E901 /* Dropbox Operations */ = {
			isa = PBXGroup;
			children = (
				ABF7F7171FA355B80098A265 /* DownloadFileTests.swift */,
				ABF7F7191FA355C30098A265 /* DownloadFilesTests.swift */,
				ABF7F71B1FA355CE0098A265 /* ListFilesTests.swift */,
			);
			path = "Dropbox Operations";
			sourceTree = "<group>";
		};
		ABBFE4B61F8D5EFE00A5E901 /* Status */ = {
			isa = PBXGroup;
			children = (
				ABF7F7111FA354C10098A265 /* StatusPersistenceTests.swift */,
			);
			path = Status;
			sourceTree = "<group>";
		};
		ABBFE4B71F8D5EFE00A5E901 /* Remote */ = {
			isa = PBXGroup;
			children = (
				ABF7F7151FA355A40098A265 /* RemoteCollectionTests.swift */,
				ABF7F72A1FA3F1580098A265 /* RemotePersistenceTests.swift */,
			);
			path = Remote;
			sourceTree = "<group>";
		};
		ABBFE4B81F8D5EFE00A5E901 /* Sync */ = {
			isa = PBXGroup;
			children = (
				ABBFE4B91F8D5EFE00A5E901 /* SyncTests.swift */,
				ABF7F70E1FA354850098A265 /* SyncCollectionTests.swift */,
				ABBFE4BC1F8D643F00A5E901 /* SyncProcessTests.swift */,
			);
			path = Sync;
			sourceTree = "<group>";
		};
		ABBFE4BA1F8D5EFE00A5E901 /* Utility */ = {
			isa = PBXGroup;
			children = (
				ABF7F71D1FA355E70098A265 /* JSONFileReaderTests.swift */,
				ABF7F71F1FA355FE0098A265 /* LoggingTests.swift */,
			);
			path = Utility;
			sourceTree = "<group>";
		};
		ABBFE4BF1F8D65D600A5E901 /* Support */ = {
			isa = PBXGroup;
			children = (
				ABBFE4C01F8D65EB00A5E901 /* MockDropbox.swift */,
				AB3578431F9E8D5100D0596C /* MockInternal.swift */,
			);
			path = Support;
			sourceTree = "<group>";
		};
		B2500F7A87723F6215B1F000 /* Frameworks */ = {
			isa = PBXGroup;
			children = (
				0CD7C78702E15089316AC7D4 /* Pods_DropboxSync_Example.framework */,
				62DC54C04DF2D4183E88BF94 /* Pods_DropboxSync_Tests.framework */,
			);
			name = Frameworks;
			sourceTree = "<group>";
		};
/* End PBXGroup section */

/* Begin PBXNativeTarget section */
		607FACCF1AFB9204008FA782 /* DropboxSync_Example */ = {
			isa = PBXNativeTarget;
			buildConfigurationList = 607FACEF1AFB9204008FA782 /* Build configuration list for PBXNativeTarget "DropboxSync_Example" */;
			buildPhases = (
				39F97FC1D8B1DFB186B0974D /* [CP] Check Pods Manifest.lock */,
				A5D231E12FE412A307B79092 /* [CP] Check Pods Manifest.lock */,
				607FACCC1AFB9204008FA782 /* Sources */,
				607FACCD1AFB9204008FA782 /* Frameworks */,
				607FACCE1AFB9204008FA782 /* Resources */,
				AEDC72479E23D81E5ABA1F82 /* [CP] Embed Pods Frameworks */,
				3FD3DAE0DCCC16786D7901BB /* [CP] Copy Pods Resources */,
				28C677519BDC490EDEB55A54 /* 📦 Embed Pods Frameworks */,
				51F6C54793EC3781A8F555DD /* 📦 Copy Pods Resources */,
			);
			buildRules = (
			);
			dependencies = (
			);
			name = DropboxSync_Example;
			productName = DropboxSync;
			productReference = 607FACD01AFB9204008FA782 /* DropboxSync_Example.app */;
			productType = "com.apple.product-type.application";
		};
		607FACE41AFB9204008FA782 /* DropboxSync_Tests */ = {
			isa = PBXNativeTarget;
			buildConfigurationList = 607FACF21AFB9204008FA782 /* Build configuration list for PBXNativeTarget "DropboxSync_Tests" */;
			buildPhases = (
				99AA0B1A71285DCC8F3A6983 /* [CP] Check Pods Manifest.lock */,
				3AD9BBCBB6CF812D7238755A /* [CP] Check Pods Manifest.lock */,
				607FACE11AFB9204008FA782 /* Sources */,
				607FACE21AFB9204008FA782 /* Frameworks */,
				607FACE31AFB9204008FA782 /* Resources */,
				E1520CB7FFA6F1C07B5655D4 /* [CP] Embed Pods Frameworks */,
				EAD677B4A677F1DB00F96876 /* [CP] Copy Pods Resources */,
				E8B9F59CB3AC9E961AFB7E22 /* 📦 Embed Pods Frameworks */,
				50870BE56ACCA3BE660E4356 /* 📦 Copy Pods Resources */,
			);
			buildRules = (
			);
			dependencies = (
				607FACE71AFB9204008FA782 /* PBXTargetDependency */,
			);
			name = DropboxSync_Tests;
			productName = Tests;
			productReference = 607FACE51AFB9204008FA782 /* DropboxSync_Tests.xctest */;
			productType = "com.apple.product-type.bundle.unit-test";
		};
/* End PBXNativeTarget section */

/* Begin PBXProject section */
		607FACC81AFB9204008FA782 /* Project object */ = {
			isa = PBXProject;
			attributes = {
				LastSwiftUpdateCheck = 0720;
				LastUpgradeCheck = 0830;
				ORGANIZATIONNAME = CocoaPods;
				TargetAttributes = {
					607FACCF1AFB9204008FA782 = {
						CreatedOnToolsVersion = 6.3.1;
						LastSwiftMigration = 0830;
					};
					607FACE41AFB9204008FA782 = {
						CreatedOnToolsVersion = 6.3.1;
						TestTargetID = 607FACCF1AFB9204008FA782;
					};
				};
			};
			buildConfigurationList = 607FACCB1AFB9204008FA782 /* Build configuration list for PBXProject "DropboxSync" */;
			compatibilityVersion = "Xcode 3.2";
			developmentRegion = English;
			hasScannedForEncodings = 0;
			knownRegions = (
				en,
				Base,
			);
			mainGroup = 607FACC71AFB9204008FA782;
			productRefGroup = 607FACD11AFB9204008FA782 /* Products */;
			projectDirPath = "";
			projectRoot = "";
			targets = (
				607FACCF1AFB9204008FA782 /* DropboxSync_Example */,
				607FACE41AFB9204008FA782 /* DropboxSync_Tests */,
			);
		};
/* End PBXProject section */

/* Begin PBXResourcesBuildPhase section */
		607FACCE1AFB9204008FA782 /* Resources */ = {
			isa = PBXResourcesBuildPhase;
			buildActionMask = 2147483647;
			files = (
				607FACDB1AFB9204008FA782 /* Main.storyboard in Resources */,
				607FACE01AFB9204008FA782 /* LaunchScreen.xib in Resources */,
				607FACDD1AFB9204008FA782 /* Images.xcassets in Resources */,
			);
			runOnlyForDeploymentPostprocessing = 0;
		};
		607FACE31AFB9204008FA782 /* Resources */ = {
			isa = PBXResourcesBuildPhase;
			buildActionMask = 2147483647;
			files = (
			);
			runOnlyForDeploymentPostprocessing = 0;
		};
/* End PBXResourcesBuildPhase section */

/* Begin PBXShellScriptBuildPhase section */
		28C677519BDC490EDEB55A54 /* 📦 Embed Pods Frameworks */ = {
			isa = PBXShellScriptBuildPhase;
			buildActionMask = 2147483647;
			files = (
			);
			inputPaths = (
			);
			name = "📦 Embed Pods Frameworks";
			outputPaths = (
			);
			runOnlyForDeploymentPostprocessing = 0;
			shellPath = /bin/sh;
			shellScript = "\"${SRCROOT}/Pods/Target Support Files/Pods-DropboxSync_Example/Pods-DropboxSync_Example-frameworks.sh\"\n";
			showEnvVarsInLog = 0;
		};
		39F97FC1D8B1DFB186B0974D /* [CP] Check Pods Manifest.lock */ = {
			isa = PBXShellScriptBuildPhase;
			buildActionMask = 2147483647;
			files = (
			);
			inputPaths = (
				"${PODS_PODFILE_DIR_PATH}/Podfile.lock",
				"${PODS_ROOT}/Manifest.lock",
			);
			name = "[CP] Check Pods Manifest.lock";
			outputPaths = (
				"$(DERIVED_FILE_DIR)/Pods-DropboxSync_Example-checkManifestLockResult.txt",
			);
			runOnlyForDeploymentPostprocessing = 0;
			shellPath = /bin/sh;
			shellScript = "diff \"${PODS_PODFILE_DIR_PATH}/Podfile.lock\" \"${PODS_ROOT}/Manifest.lock\" > /dev/null\nif [ $? != 0 ] ; then\n    # print error to STDERR\n    echo \"error: The sandbox is not in sync with the Podfile.lock. Run 'pod install' or update your CocoaPods installation.\" >&2\n    exit 1\nfi\n# This output is used by Xcode 'outputs' to avoid re-running this script phase.\necho \"SUCCESS\" > \"${SCRIPT_OUTPUT_FILE_0}\"\n";
			showEnvVarsInLog = 0;
		};
		3AD9BBCBB6CF812D7238755A /* [CP] Check Pods Manifest.lock */ = {
			isa = PBXShellScriptBuildPhase;
			buildActionMask = 2147483647;
			files = (
			);
			inputPaths = (
			);
			name = "[CP] Check Pods Manifest.lock";
			outputPaths = (
			);
			runOnlyForDeploymentPostprocessing = 0;
			shellPath = /bin/sh;
			shellScript = "diff \"${PODS_ROOT}/../Podfile.lock\" \"${PODS_ROOT}/Manifest.lock\" > /dev/null\nif [[ $? != 0 ]] ; then\n    cat << EOM\nerror: The sandbox is not in sync with the Podfile.lock. Run 'pod install' or update your CocoaPods installation.\nEOM\n    exit 1\nfi\n";
			showEnvVarsInLog = 0;
		};
		3FD3DAE0DCCC16786D7901BB /* [CP] Copy Pods Resources */ = {
			isa = PBXShellScriptBuildPhase;
			buildActionMask = 2147483647;
			files = (
			);
			inputPaths = (
			);
			name = "[CP] Copy Pods Resources";
			outputPaths = (
			);
			runOnlyForDeploymentPostprocessing = 0;
			shellPath = /bin/sh;
			shellScript = "\"${SRCROOT}/Pods/Target Support Files/Pods-DropboxSync_Example/Pods-DropboxSync_Example-resources.sh\"\n";
			showEnvVarsInLog = 0;
		};
		50870BE56ACCA3BE660E4356 /* 📦 Copy Pods Resources */ = {
			isa = PBXShellScriptBuildPhase;
			buildActionMask = 2147483647;
			files = (
			);
			inputPaths = (
			);
			name = "📦 Copy Pods Resources";
			outputPaths = (
			);
			runOnlyForDeploymentPostprocessing = 0;
			shellPath = /bin/sh;
			shellScript = "\"${SRCROOT}/Pods/Target Support Files/Pods-DropboxSync_Tests/Pods-DropboxSync_Tests-resources.sh\"\n";
			showEnvVarsInLog = 0;
		};
		51F6C54793EC3781A8F555DD /* 📦 Copy Pods Resources */ = {
			isa = PBXShellScriptBuildPhase;
			buildActionMask = 2147483647;
			files = (
			);
			inputPaths = (
			);
			name = "📦 Copy Pods Resources";
			outputPaths = (
			);
			runOnlyForDeploymentPostprocessing = 0;
			shellPath = /bin/sh;
			shellScript = "\"${SRCROOT}/Pods/Target Support Files/Pods-DropboxSync_Example/Pods-DropboxSync_Example-resources.sh\"\n";
			showEnvVarsInLog = 0;
		};
		99AA0B1A71285DCC8F3A6983 /* [CP] Check Pods Manifest.lock */ = {
			isa = PBXShellScriptBuildPhase;
			buildActionMask = 2147483647;
			files = (
			);
			inputPaths = (
				"${PODS_PODFILE_DIR_PATH}/Podfile.lock",
				"${PODS_ROOT}/Manifest.lock",
			);
			name = "[CP] Check Pods Manifest.lock";
			outputPaths = (
				"$(DERIVED_FILE_DIR)/Pods-DropboxSync_Tests-checkManifestLockResult.txt",
			);
			runOnlyForDeploymentPostprocessing = 0;
			shellPath = /bin/sh;
			shellScript = "diff \"${PODS_PODFILE_DIR_PATH}/Podfile.lock\" \"${PODS_ROOT}/Manifest.lock\" > /dev/null\nif [ $? != 0 ] ; then\n    # print error to STDERR\n    echo \"error: The sandbox is not in sync with the Podfile.lock. Run 'pod install' or update your CocoaPods installation.\" >&2\n    exit 1\nfi\n# This output is used by Xcode 'outputs' to avoid re-running this script phase.\necho \"SUCCESS\" > \"${SCRIPT_OUTPUT_FILE_0}\"\n";
			showEnvVarsInLog = 0;
		};
		A5D231E12FE412A307B79092 /* [CP] Check Pods Manifest.lock */ = {
			isa = PBXShellScriptBuildPhase;
			buildActionMask = 2147483647;
			files = (
			);
			inputPaths = (
			);
			name = "[CP] Check Pods Manifest.lock";
			outputPaths = (
			);
			runOnlyForDeploymentPostprocessing = 0;
			shellPath = /bin/sh;
			shellScript = "diff \"${PODS_ROOT}/../Podfile.lock\" \"${PODS_ROOT}/Manifest.lock\" > /dev/null\nif [[ $? != 0 ]] ; then\n    cat << EOM\nerror: The sandbox is not in sync with the Podfile.lock. Run 'pod install' or update your CocoaPods installation.\nEOM\n    exit 1\nfi\n";
			showEnvVarsInLog = 0;
		};
		AEDC72479E23D81E5ABA1F82 /* [CP] Embed Pods Frameworks */ = {
			isa = PBXShellScriptBuildPhase;
			buildActionMask = 2147483647;
			files = (
			);
			inputPaths = (
				"${SRCROOT}/Pods/Target Support Files/Pods-DropboxSync_Example/Pods-DropboxSync_Example-frameworks.sh",
				"${BUILT_PRODUCTS_DIR}/Alamofire/Alamofire.framework",
				"${BUILT_PRODUCTS_DIR}/DropboxSync/DropboxSync.framework",
				"${BUILT_PRODUCTS_DIR}/SwiftyDropbox/SwiftyDropbox.framework",
				"${BUILT_PRODUCTS_DIR}/SwiftyJSON/SwiftyJSON.framework",
			);
			name = "[CP] Embed Pods Frameworks";
			outputPaths = (
				"${TARGET_BUILD_DIR}/${FRAMEWORKS_FOLDER_PATH}/Alamofire.framework",
				"${TARGET_BUILD_DIR}/${FRAMEWORKS_FOLDER_PATH}/DropboxSync.framework",
				"${TARGET_BUILD_DIR}/${FRAMEWORKS_FOLDER_PATH}/SwiftyDropbox.framework",
				"${TARGET_BUILD_DIR}/${FRAMEWORKS_FOLDER_PATH}/SwiftyJSON.framework",
			);
			runOnlyForDeploymentPostprocessing = 0;
			shellPath = /bin/sh;
			shellScript = "\"${SRCROOT}/Pods/Target Support Files/Pods-DropboxSync_Example/Pods-DropboxSync_Example-frameworks.sh\"\n";
			showEnvVarsInLog = 0;
		};
		E1520CB7FFA6F1C07B5655D4 /* [CP] Embed Pods Frameworks */ = {
			isa = PBXShellScriptBuildPhase;
			buildActionMask = 2147483647;
			files = (
			);
			inputPaths = (
				"${SRCROOT}/Pods/Target Support Files/Pods-DropboxSync_Tests/Pods-DropboxSync_Tests-frameworks.sh",
				"${BUILT_PRODUCTS_DIR}/Alamofire/Alamofire.framework",
				"${BUILT_PRODUCTS_DIR}/DropboxSync/DropboxSync.framework",
				"${BUILT_PRODUCTS_DIR}/SwiftyDropbox/SwiftyDropbox.framework",
				"${BUILT_PRODUCTS_DIR}/SwiftyJSON/SwiftyJSON.framework",
				"${BUILT_PRODUCTS_DIR}/Nimble/Nimble.framework",
				"${BUILT_PRODUCTS_DIR}/Quick/Quick.framework",
			);
			name = "[CP] Embed Pods Frameworks";
			outputPaths = (
				"${TARGET_BUILD_DIR}/${FRAMEWORKS_FOLDER_PATH}/Alamofire.framework",
				"${TARGET_BUILD_DIR}/${FRAMEWORKS_FOLDER_PATH}/DropboxSync.framework",
				"${TARGET_BUILD_DIR}/${FRAMEWORKS_FOLDER_PATH}/SwiftyDropbox.framework",
				"${TARGET_BUILD_DIR}/${FRAMEWORKS_FOLDER_PATH}/SwiftyJSON.framework",
				"${TARGET_BUILD_DIR}/${FRAMEWORKS_FOLDER_PATH}/Nimble.framework",
				"${TARGET_BUILD_DIR}/${FRAMEWORKS_FOLDER_PATH}/Quick.framework",
			);
			runOnlyForDeploymentPostprocessing = 0;
			shellPath = /bin/sh;
			shellScript = "\"${SRCROOT}/Pods/Target Support Files/Pods-DropboxSync_Tests/Pods-DropboxSync_Tests-frameworks.sh\"\n";
			showEnvVarsInLog = 0;
		};
		E8B9F59CB3AC9E961AFB7E22 /* 📦 Embed Pods Frameworks */ = {
			isa = PBXShellScriptBuildPhase;
			buildActionMask = 2147483647;
			files = (
			);
			inputPaths = (
			);
			name = "📦 Embed Pods Frameworks";
			outputPaths = (
			);
			runOnlyForDeploymentPostprocessing = 0;
			shellPath = /bin/sh;
			shellScript = "\"${SRCROOT}/Pods/Target Support Files/Pods-DropboxSync_Tests/Pods-DropboxSync_Tests-frameworks.sh\"\n";
			showEnvVarsInLog = 0;
		};
		EAD677B4A677F1DB00F96876 /* [CP] Copy Pods Resources */ = {
			isa = PBXShellScriptBuildPhase;
			buildActionMask = 2147483647;
			files = (
			);
			inputPaths = (
			);
			name = "[CP] Copy Pods Resources";
			outputPaths = (
			);
			runOnlyForDeploymentPostprocessing = 0;
			shellPath = /bin/sh;
			shellScript = "\"${SRCROOT}/Pods/Target Support Files/Pods-DropboxSync_Tests/Pods-DropboxSync_Tests-resources.sh\"\n";
			showEnvVarsInLog = 0;
		};
/* End PBXShellScriptBuildPhase section */

/* Begin PBXSourcesBuildPhase section */
		607FACCC1AFB9204008FA782 /* Sources */ = {
			isa = PBXSourcesBuildPhase;
			buildActionMask = 2147483647;
			files = (
				607FACD81AFB9204008FA782 /* ViewController.swift in Sources */,
				37E2A59D1D455A63008446AD /* RecordThatNeedsSyncing.swift in Sources */,
				607FACD61AFB9204008FA782 /* AppDelegate.swift in Sources */,
			);
			runOnlyForDeploymentPostprocessing = 0;
		};
		607FACE11AFB9204008FA782 /* Sources */ = {
			isa = PBXSourcesBuildPhase;
			buildActionMask = 2147483647;
			files = (
				ABF7F71E1FA355E70098A265 /* JSONFileReaderTests.swift in Sources */,
				ABBFE4C21F8D664F00A5E901 /* MockDropbox.swift in Sources */,
				ABF7F7231FA384DF0098A265 /* StatusPersistenceTests.swift in Sources */,
				ABBFE4BB1F8D5F1600A5E901 /* SyncTests.swift in Sources */,
				ABF7F72B1FA3F1580098A265 /* RemotePersistenceTests.swift in Sources */,
				ABBFE4BE1F8D644500A5E901 /* SyncProcessTests.swift in Sources */,
				ABF7F7271FA3D6580098A265 /* RemoteCollectionTests.swift in Sources */,
				ABF7F7181FA355B80098A265 /* DownloadFileTests.swift in Sources */,
				ABF7F7201FA355FE0098A265 /* LoggingTests.swift in Sources */,
				ABF7F71A1FA355C30098A265 /* DownloadFilesTests.swift in Sources */,
				ABF7F71C1FA355CE0098A265 /* ListFilesTests.swift in Sources */,
				ABF7F7101FA354880098A265 /* SyncCollectionTests.swift in Sources */,
				AB3578451F9E928400D0596C /* MockInternal.swift in Sources */,
			);
			runOnlyForDeploymentPostprocessing = 0;
		};
/* End PBXSourcesBuildPhase section */

/* Begin PBXTargetDependency section */
		607FACE71AFB9204008FA782 /* PBXTargetDependency */ = {
			isa = PBXTargetDependency;
			target = 607FACCF1AFB9204008FA782 /* DropboxSync_Example */;
			targetProxy = 607FACE61AFB9204008FA782 /* PBXContainerItemProxy */;
		};
/* End PBXTargetDependency section */

/* Begin PBXVariantGroup section */
		607FACD91AFB9204008FA782 /* Main.storyboard */ = {
			isa = PBXVariantGroup;
			children = (
				607FACDA1AFB9204008FA782 /* Base */,
			);
			name = Main.storyboard;
			sourceTree = "<group>";
		};
		607FACDE1AFB9204008FA782 /* LaunchScreen.xib */ = {
			isa = PBXVariantGroup;
			children = (
				607FACDF1AFB9204008FA782 /* Base */,
			);
			name = LaunchScreen.xib;
			sourceTree = "<group>";
		};
/* End PBXVariantGroup section */

/* Begin XCBuildConfiguration section */
		607FACED1AFB9204008FA782 /* Debug */ = {
			isa = XCBuildConfiguration;
			buildSettings = {
				ALWAYS_SEARCH_USER_PATHS = NO;
				CLANG_CXX_LANGUAGE_STANDARD = "gnu++14";
				CLANG_CXX_LIBRARY = "libc++";
				CLANG_ENABLE_MODULES = YES;
				CLANG_ENABLE_OBJC_ARC = YES;
				CLANG_WARN_BOOL_CONVERSION = YES;
				CLANG_WARN_CONSTANT_CONVERSION = YES;
				CLANG_WARN_DIRECT_OBJC_ISA_USAGE = YES_ERROR;
				CLANG_WARN_EMPTY_BODY = YES;
				CLANG_WARN_ENUM_CONVERSION = YES;
				CLANG_WARN_INT_CONVERSION = YES;
				CLANG_WARN_OBJC_ROOT_CLASS = YES_ERROR;
				CLANG_WARN_UNREACHABLE_CODE = YES;
				CLANG_WARN__DUPLICATE_METHOD_MATCH = YES;
				CODE_SIGN_IDENTITY = "iPhone Developer";
				COPY_PHASE_STRIP = NO;
				DEBUG_INFORMATION_FORMAT = "dwarf-with-dsym";
				ENABLE_STRICT_OBJC_MSGSEND = YES;
				ENABLE_TESTABILITY = YES;
				GCC_C_LANGUAGE_STANDARD = gnu11;
				GCC_DYNAMIC_NO_PIC = NO;
				GCC_NO_COMMON_BLOCKS = YES;
				GCC_OPTIMIZATION_LEVEL = 0;
				GCC_PREPROCESSOR_DEFINITIONS = (
					"DEBUG=1",
					"$(inherited)",
				);
				GCC_SYMBOLS_PRIVATE_EXTERN = NO;
				GCC_WARN_64_TO_32_BIT_CONVERSION = YES;
				GCC_WARN_ABOUT_RETURN_TYPE = YES_ERROR;
				GCC_WARN_UNDECLARED_SELECTOR = YES;
				GCC_WARN_UNINITIALIZED_AUTOS = YES_AGGRESSIVE;
				GCC_WARN_UNUSED_FUNCTION = YES;
				GCC_WARN_UNUSED_VARIABLE = YES;
				IPHONEOS_DEPLOYMENT_TARGET = 10.0;
				MTL_ENABLE_DEBUG_INFO = YES;
				ONLY_ACTIVE_ARCH = YES;
				SDKROOT = iphoneos;
				SWIFT_ACTIVE_COMPILATION_CONDITIONS = DEBUG;
				SWIFT_OPTIMIZATION_LEVEL = "-Onone";
				SWIFT_VERSION = 3.0;
				TARGETED_DEVICE_FAMILY = "1,2";
			};
			name = Debug;
		};
		607FACEE1AFB9204008FA782 /* Release */ = {
			isa = XCBuildConfiguration;
			buildSettings = {
				ALWAYS_SEARCH_USER_PATHS = NO;
				CLANG_CXX_LANGUAGE_STANDARD = "gnu++14";
				CLANG_CXX_LIBRARY = "libc++";
				CLANG_ENABLE_MODULES = YES;
				CLANG_ENABLE_OBJC_ARC = YES;
				CLANG_WARN_BOOL_CONVERSION = YES;
				CLANG_WARN_CONSTANT_CONVERSION = YES;
				CLANG_WARN_DIRECT_OBJC_ISA_USAGE = YES_ERROR;
				CLANG_WARN_EMPTY_BODY = YES;
				CLANG_WARN_ENUM_CONVERSION = YES;
				CLANG_WARN_INT_CONVERSION = YES;
				CLANG_WARN_OBJC_ROOT_CLASS = YES_ERROR;
				CLANG_WARN_UNREACHABLE_CODE = YES;
				CLANG_WARN__DUPLICATE_METHOD_MATCH = YES;
				CODE_SIGN_IDENTITY = "iPhone Developer";
				COPY_PHASE_STRIP = NO;
				DEBUG_INFORMATION_FORMAT = "dwarf-with-dsym";
				ENABLE_NS_ASSERTIONS = NO;
				ENABLE_STRICT_OBJC_MSGSEND = YES;
				GCC_C_LANGUAGE_STANDARD = gnu11;
				GCC_NO_COMMON_BLOCKS = YES;
				GCC_WARN_64_TO_32_BIT_CONVERSION = YES;
				GCC_WARN_ABOUT_RETURN_TYPE = YES_ERROR;
				GCC_WARN_UNDECLARED_SELECTOR = YES;
				GCC_WARN_UNINITIALIZED_AUTOS = YES_AGGRESSIVE;
				GCC_WARN_UNUSED_FUNCTION = YES;
				GCC_WARN_UNUSED_VARIABLE = YES;
				IPHONEOS_DEPLOYMENT_TARGET = 10.0;
				MTL_ENABLE_DEBUG_INFO = NO;
				SDKROOT = iphoneos;
				SWIFT_OPTIMIZATION_LEVEL = "-Owholemodule";
				SWIFT_VERSION = 3.0;
				TARGETED_DEVICE_FAMILY = "1,2";
				VALIDATE_PRODUCT = YES;
			};
			name = Release;
		};
		607FACF01AFB9204008FA782 /* Debug */ = {
			isa = XCBuildConfiguration;
			baseConfigurationReference = A4A9638954F9DA37C150CEBF /* Pods-DropboxSync_Example.debug.xcconfig */;
			buildSettings = {
				ASSETCATALOG_COMPILER_APPICON_NAME = AppIcon;
				INFOPLIST_FILE = DropboxSync/Info.plist;
				LD_RUNPATH_SEARCH_PATHS = "$(inherited) @executable_path/Frameworks";
				MODULE_NAME = ExampleApp;
				PRODUCT_BUNDLE_IDENTIFIER = "org.cocoapods.demo.$(PRODUCT_NAME:rfc1034identifier)";
				PRODUCT_NAME = "$(TARGET_NAME)";
			};
			name = Debug;
		};
		607FACF11AFB9204008FA782 /* Release */ = {
			isa = XCBuildConfiguration;
			baseConfigurationReference = 6F450545DF310077F685D2A9 /* Pods-DropboxSync_Example.release.xcconfig */;
			buildSettings = {
				ASSETCATALOG_COMPILER_APPICON_NAME = AppIcon;
				INFOPLIST_FILE = DropboxSync/Info.plist;
				LD_RUNPATH_SEARCH_PATHS = "$(inherited) @executable_path/Frameworks";
				MODULE_NAME = ExampleApp;
				PRODUCT_BUNDLE_IDENTIFIER = "org.cocoapods.demo.$(PRODUCT_NAME:rfc1034identifier)";
				PRODUCT_NAME = "$(TARGET_NAME)";
			};
			name = Release;
		};
		607FACF31AFB9204008FA782 /* Debug */ = {
			isa = XCBuildConfiguration;
			baseConfigurationReference = 7B354F527E5D5096A231863E /* Pods-DropboxSync_Tests.debug.xcconfig */;
			buildSettings = {
				FRAMEWORK_SEARCH_PATHS = (
					"$(SDKROOT)/Developer/Library/Frameworks",
					"$(inherited)",
				);
				GCC_PREPROCESSOR_DEFINITIONS = (
					"DEBUG=1",
					"$(inherited)",
				);
				INFOPLIST_FILE = Tests/Info.plist;
				LD_RUNPATH_SEARCH_PATHS = "$(inherited) @executable_path/Frameworks @loader_path/Frameworks";
				PRODUCT_BUNDLE_IDENTIFIER = "org.cocoapods.$(PRODUCT_NAME:rfc1034identifier)";
				PRODUCT_NAME = "$(TARGET_NAME)";
			};
			name = Debug;
		};
		607FACF41AFB9204008FA782 /* Release */ = {
			isa = XCBuildConfiguration;
			baseConfigurationReference = 981845A0451E6737804F125F /* Pods-DropboxSync_Tests.release.xcconfig */;
			buildSettings = {
				FRAMEWORK_SEARCH_PATHS = (
					"$(SDKROOT)/Developer/Library/Frameworks",
					"$(inherited)",
				);
				INFOPLIST_FILE = Tests/Info.plist;
				LD_RUNPATH_SEARCH_PATHS = "$(inherited) @executable_path/Frameworks @loader_path/Frameworks";
				PRODUCT_BUNDLE_IDENTIFIER = "org.cocoapods.$(PRODUCT_NAME:rfc1034identifier)";
				PRODUCT_NAME = "$(TARGET_NAME)";
			};
			name = Release;
		};
/* End XCBuildConfiguration section */

/* Begin XCConfigurationList section */
		607FACCB1AFB9204008FA782 /* Build configuration list for PBXProject "DropboxSync" */ = {
			isa = XCConfigurationList;
			buildConfigurations = (
				607FACED1AFB9204008FA782 /* Debug */,
				607FACEE1AFB9204008FA782 /* Release */,
			);
			defaultConfigurationIsVisible = 0;
			defaultConfigurationName = Release;
		};
		607FACEF1AFB9204008FA782 /* Build configuration list for PBXNativeTarget "DropboxSync_Example" */ = {
			isa = XCConfigurationList;
			buildConfigurations = (
				607FACF01AFB9204008FA782 /* Debug */,
				607FACF11AFB9204008FA782 /* Release */,
			);
			defaultConfigurationIsVisible = 0;
			defaultConfigurationName = Release;
		};
		607FACF21AFB9204008FA782 /* Build configuration list for PBXNativeTarget "DropboxSync_Tests" */ = {
			isa = XCConfigurationList;
			buildConfigurations = (
				607FACF31AFB9204008FA782 /* Debug */,
				607FACF41AFB9204008FA782 /* Release */,
			);
			defaultConfigurationIsVisible = 0;
			defaultConfigurationName = Release;
		};
/* End XCConfigurationList section */
	};
	rootObject = 607FACC81AFB9204008FA782 /* Project object */;
}
